{
  "name": "plain-typesetting-oracles",
  "lockfileVersion": 3,
  "requires": true,
  "packages": {
    "": {
      "name": "plain-typesetting-oracles",
      "dependencies": {
        "harfbuzzjs": "1.6.3"
      }
    },
    "node_modules/harfbuzzjs": {
      "version": "1.6.3",
      "resolved": "https://registry.npmjs.org/harfbuzzjs/-/harfbuzzjs-1.6.3.tgz",
      "integrity": "sha512-R5Mfo1UUvQmZJmtScP7fBLKYKnYu82ZdtFT7WbQYeGb3Ut5PR3xfFCJ5/FjbcW5SAfb9cqCSny/KNjp+NJBx0w==",
      "license": "MIT"
    }
  }
}
