{
  "name": "plain-math-oracles",
  "lockfileVersion": 3,
  "requires": true,
  "packages": {
    "": {
      "name": "plain-math-oracles",
      "dependencies": {
        "temml": "0.14.0"
      }
    },
    "node_modules/temml": {
      "version": "0.14.0",
      "resolved": "https://registry.npmjs.org/temml/-/temml-0.14.0.tgz",
      "integrity": "sha512-tz1LW/5IZpThK8c7ZpdTSH/n56eAj+ThirLieErtKxYC3EKCIiB4sKdRUehAgH+fQmvIKqMfP3gqTLBdLpy9zw==",
      "license": "MIT",
      "engines": {
        "node": ">=18.13.0"
      }
    }
  }
}
