# This file is automatically @generated by Cargo.
# It is not intended for manual editing.
version = 4

[[package]]
name = "hypher"
version = "0.1.8"
source = "registry+https://github.com/rust-lang/crates.io-index"
checksum = "45f2b4f6b5da34d400d4c112eadcc14512cc5d04307a8eee182586d9bebd7ce6"

[[package]]
name = "hypher-oracle"
version = "0.1.0"
dependencies = [
 "hypher",
]
